<?xml version="1.0" encoding="utf-8"?>
<Project ToolsVersion="16.0" xmlns="http://schemas.microsoft.com/developer/msbuild/2003">
  <ItemGroup>
    <CustomBuild Include="C:\Users\anant\Documents\glm-master\CMakeFiles\d5518a6247cd189126230a4311d59fc9\INSTALL_force.rule">
      <Filter>CMake Rules</Filter>
    </CustomBuild>
  </ItemGroup>
  <ItemGroup>
    <Filter Include="CMake Rules">
      <UniqueIdentifier>{9FC1CA98-E911-37FE-85F3-801A3D12BC0B}</UniqueIdentifier>
    </Filter>
  </ItemGroup>
</Project>
